hash: f25ee53178639724bc9dd84f338654d12216afb34a037512ee389bf5f9e4b3c8
updated: 2018-02-28T15:25:28.058181069+01:00
imports:
- name: github.com/gocql/gocql
  version: 59441a623b364472525164bb62b6da9d552eb2ca
  subpackages:
  - internal/lru
  - internal/murmur
  - internal/streams
- name: github.com/golang/snappy
  version: 553a641470496b2327abcac10b36396bd98e45c9
- name: github.com/hailocab/go-hostpool
  version: e80d13ce29ede4452c43dea11e79b9bc8a15b478
- name: github.com/netflix/rend
  version: d3db570668d3ecd97cbdf0988c92145a9040e235
  subpackages:
  - common
  - handlers
  - handlers/memcached
  - handlers/memcached/batched
  - handlers/memcached/chunked
  - handlers/memcached/std
  - metrics
  - orcas
  - protocol
  - protocol/binprot
  - protocol/textprot
  - server
  - timer
- name: github.com/Sirupsen/logrus
  version: d682213848ed68c0a260ca37d6dd5ace8423f5ba
- name: github.com/spf13/viper
  version: aafc9e6bc7b7bb53ddaa75a5ef49a17d6e654be5
- name: gopkg.in/inf.v0
  version: 3887ee99ecf07df5b447e9b00d9c0b2adaa9f3e4
testImports: []
