hash: 64c60fbe64391586e3c02582c7ae76d667040af8cbbfefb026ef2ce520d4126e
updated: 2017-11-29T16:02:30.118478338+01:00
imports:
- name: github.com/gocql/gocql
  version: d9815cdf0ff24e2efa9b8062f4f94a6dd347ae51
  subpackages:
  - internal/lru
  - internal/murmur
  - internal/streams
- name: github.com/golang/snappy
  version: 553a641470496b2327abcac10b36396bd98e45c9
- name: github.com/hailocab/go-hostpool
  version: e80d13ce29ede4452c43dea11e79b9bc8a15b478
- name: github.com/netflix/rend
  version: 22dcb0d90326aa142c796f6e8dc776c14884fdb1
  subpackages:
  - common
  - handlers
  - handlers/inmem
  - metrics
  - orcas
  - protocol
  - protocol/binprot
  - protocol/textprot
  - server
  - timer
- name: github.com/Sirupsen/logrus
  version: 95cd2b9c79aa5e72ab0bc69b7ccc2be15bf850f6
- name: gopkg.in/inf.v0
  version: 3887ee99ecf07df5b447e9b00d9c0b2adaa9f3e4
testImports: []
